{
  "R": {
    "Version": "4.5.1",
    "Repositories": [
      {
        "Name": "CRAN",
        "URL": "https://cloud.r-project.org"
      }
    ]
  },
  "Packages": {
    "DiceKriging": {
      "Package": "DiceKriging",
      "Version": "1.6.1",
      "Source": "Repository",
      "Repository": "CRAN"
    },
    "batchtools": {
      "Package": "batchtools",
      "Version": "0.9.18",
      "Source": "Repository",
      "Repository": "CRAN"
    },
    "cowplot": {
      "Package": "cowplot",
      "Version": "1.2.0",
      "Source": "Repository",
      "Repository": "CRAN"
    },
    "here": {
      "Package": "here",
      "Version": "1.0.2",
      "Source": "Repository",
      "Repository": "CRAN"
    },
    "knitr": {
      "Package": "knitr",
      "Version": "1.50",
      "Source": "Repository",
      "Repository": "CRAN"
    },
    "markdown": {
      "Package": "markdown",
      "Version": "2.0",
      "Source": "Repository",
      "Repository": "CRAN"
    },
    "mlr3learners": {
      "Package": "mlr3learners",
      "Version": "0.13.0",
      "Source": "Repository",
      "Repository": "CRAN"
    },
    "mlr3mbo": {
      "Package": "mlr3mbo",
      "Version": "0.3.3",
      "Source": "Repository",
      "Repository": "CRAN"
    },
    "mlr3torch": {
      "Package": "mlr3torch",
      "Version": "0.3.2",
      "Source": "Repository",
      "Repository": "CRAN"
    },
    "mlr3viz": {
      "Package": "mlr3viz",
      "Version": "0.10.1",
      "Source": "Repository",
      "Repository": "CRAN"
    },
    "precrec": {
      "Package": "precrec",
      "Version": "0.14.5",
      "Source": "Repository",
      "Repository": "CRAN"
    },
    "ranger": {
      "Package": "ranger",
      "Version": "0.17.0",
      "Source": "Repository",
      "Repository": "CRAN"
    },
    "remotes": {
      "Package": "remotes",
      "Version": "2.5.0",
      "Source": "Repository",
      "Repository": "CRAN"
    },
    "renv": {
      "Package": "renv",
      "Version": "1.1.5",
      "Source": "Repository",
      "Type": "Package",
      "Title": "Project Environments",
      "Authors@R": "c( person(\"Kevin\", \"Ushey\", role = c(\"aut\", \"cre\"), email = \"kevin@rstudio.com\", comment = c(ORCID = \"0000-0003-2880-7407\")), person(\"Hadley\", \"Wickham\", role = c(\"aut\"), email = \"hadley@rstudio.com\", comment = c(ORCID = \"0000-0003-4757-117X\")), person(\"Posit Software, PBC\", role = c(\"cph\", \"fnd\")) )",
      "Description": "A dependency management toolkit for R. Using 'renv', you can create and manage project-local R libraries, save the state of these libraries to a 'lockfile', and later restore your library as required. Together, these tools can help make your projects more isolated, portable, and reproducible.",
      "License": "MIT + file LICENSE",
      "URL": "https://rstudio.github.io/renv/, https://github.com/rstudio/renv",
      "BugReports": "https://github.com/rstudio/renv/issues",
      "Imports": [
        "utils"
      ],
      "Suggests": [
        "BiocManager",
        "cli",
        "compiler",
        "covr",
        "cpp11",
        "devtools",
        "generics",
        "gitcreds",
        "jsonlite",
        "jsonvalidate",
        "knitr",
        "miniUI",
        "modules",
        "packrat",
        "pak",
        "R6",
        "remotes",
        "reticulate",
        "rmarkdown",
        "rstudioapi",
        "shiny",
        "testthat",
        "uuid",
        "waldo",
        "yaml",
        "webfakes"
      ],
      "Encoding": "UTF-8",
      "RoxygenNote": "7.3.2",
      "VignetteBuilder": "knitr",
      "Config/Needs/website": "tidyverse/tidytemplate",
      "Config/testthat/edition": "3",
      "Config/testthat/parallel": "true",
      "Config/testthat/start-first": "bioconductor,python,install,restore,snapshot,retrieve,remotes",
      "NeedsCompilation": "no",
      "Author": "Kevin Ushey [aut, cre] (ORCID: <https://orcid.org/0000-0003-2880-7407>), Hadley Wickham [aut] (ORCID: <https://orcid.org/0000-0003-4757-117X>), Posit Software, PBC [cph, fnd]",
      "Maintainer": "Kevin Ushey <kevin@rstudio.com>",
      "Repository": "CRAN"
    },
    "reticulate": {
      "Package": "reticulate",
      "Version": "1.44.0",
      "Source": "Repository",
      "Repository": "CRAN"
    },
    "rgenoud": {
      "Package": "rgenoud",
      "Version": "5.9-0.11",
      "Source": "Repository",
      "Repository": "CRAN"
    },
    "torch": {
      "Package": "torch",
      "Version": "0.16.3",
      "Source": "Repository",
      "Repository": "CRAN"
    },
    "torchdatasets": {
      "Package": "torchdatasets",
      "Version": "0.3.1",
      "Source": "Repository",
      "Repository": "CRAN"
    }
  }
}
